
Microsoft Visual Studio Solution File, Format Version 12.00
# Visual Studio 15
VisualStudioVersion = 15.0.26730.16
MinimumVisualStudioVersion = 10.0.40219.1
Project("{FAE04EC0-301F-11D3-BF4B-00C04F79EFBC}") = "ReservationSystem", "ReservationSystem\ReservationSystem.csproj", "{31DE8C8E-98E8-4E8E-9C8F-0764230E5FF2}"
EndProject
Global
	GlobalSection(SolutionConfigurationPlatforms) = preSolution
		Debug|Any CPU = Debug|Any CPU
		Release|Any CPU = Release|Any CPU
	EndGlobalSection
	GlobalSection(ProjectConfigurationPlatforms) = postSolution
		{31DE8C8E-98E8-4E8E-9C8F-0764230E5FF2}.Debug|Any CPU.ActiveCfg = Debug|Any CPU
		{31DE8C8E-98E8-4E8E-9C8F-0764230E5FF2}.Debug|Any CPU.Build.0 = Debug|Any CPU
		{31DE8C8E-98E8-4E8E-9C8F-0764230E5FF2}.Release|Any CPU.ActiveCfg = Release|Any CPU
		{31DE8C8E-98E8-4E8E-9C8F-0764230E5FF2}.Release|Any CPU.Build.0 = Release|Any CPU
	EndGlobalSection
	GlobalSection(SolutionProperties) = preSolution
		HideSolutionNode = FALSE
	EndGlobalSection
	GlobalSection(ExtensibilityGlobals) = postSolution
		SolutionGuid = {BC6058DB-26E0-4A16-A7CD-8149410C15B2}
	EndGlobalSection
EndGlobal
