
Microsoft Visual Studio Solution File, Format Version 12.00
# Visual Studio 15
VisualStudioVersion = 15.0.26730.16
MinimumVisualStudioVersion = 10.0.40219.1
Project("{FAE04EC0-301F-11D3-BF4B-00C04F79EFBC}") = "DogRecord", "DogRecord\DogRecord.csproj", "{7D7C3CF5-4F88-4F2B-8ACD-E95AC257A491}"
EndProject
Global
	GlobalSection(SolutionConfigurationPlatforms) = preSolution
		Debug|Any CPU = Debug|Any CPU
		Release|Any CPU = Release|Any CPU
	EndGlobalSection
	GlobalSection(ProjectConfigurationPlatforms) = postSolution
		{7D7C3CF5-4F88-4F2B-8ACD-E95AC257A491}.Debug|Any CPU.ActiveCfg = Debug|Any CPU
		{7D7C3CF5-4F88-4F2B-8ACD-E95AC257A491}.Debug|Any CPU.Build.0 = Debug|Any CPU
		{7D7C3CF5-4F88-4F2B-8ACD-E95AC257A491}.Release|Any CPU.ActiveCfg = Release|Any CPU
		{7D7C3CF5-4F88-4F2B-8ACD-E95AC257A491}.Release|Any CPU.Build.0 = Release|Any CPU
	EndGlobalSection
	GlobalSection(SolutionProperties) = preSolution
		HideSolutionNode = FALSE
	EndGlobalSection
	GlobalSection(ExtensibilityGlobals) = postSolution
		SolutionGuid = {ECCAD80C-92C9-492C-83CA-0F271C1BA4C7}
	EndGlobalSection
EndGlobal
